
Microsoft Visual Studio Solution File, Format Version 12.00
# Visual Studio Version 17
VisualStudioVersion = 17.2.32616.157
MinimumVisualStudioVersion = 10.0.40219.1
Project("{FAE04EC0-301F-11D3-BF4B-00C04F79EFBC}") = "Fiware-databroker-console", "Fiware-databroker-console.csproj", "{9A631B01-74D3-41F2-995D-28D33671DC41}"
EndProject
Global
	GlobalSection(SolutionConfigurationPlatforms) = preSolution
		Debug|Any CPU = Debug|Any CPU
		Release|Any CPU = Release|Any CPU
	EndGlobalSection
	GlobalSection(ProjectConfigurationPlatforms) = postSolution
		{9A631B01-74D3-41F2-995D-28D33671DC41}.Debug|Any CPU.ActiveCfg = Debug|Any CPU
		{9A631B01-74D3-41F2-995D-28D33671DC41}.Debug|Any CPU.Build.0 = Debug|Any CPU
		{9A631B01-74D3-41F2-995D-28D33671DC41}.Release|Any CPU.ActiveCfg = Release|Any CPU
		{9A631B01-74D3-41F2-995D-28D33671DC41}.Release|Any CPU.Build.0 = Release|Any CPU
	EndGlobalSection
	GlobalSection(SolutionProperties) = preSolution
		HideSolutionNode = FALSE
	EndGlobalSection
	GlobalSection(ExtensibilityGlobals) = postSolution
		SolutionGuid = {9D17240A-923F-4131-9A97-3CA023ED51F1}
	EndGlobalSection
EndGlobal
